{
  "requires": true,
  "lockfileVersion": 1,
  "dependencies": {
    "pdfobject": {
      "version": "2.2.8",
      "resolved": "https://registry.npmjs.org/pdfobject/-/pdfobject-2.2.8.tgz",
      "integrity": "sha512-dB/soWNMLtVGHfXERXnAtsKm0XwC6lyGVYegQcZxL4rw07rNOKvawc9kddBzlGr7TbiBZuGf4Drb3kyRbTf/QA=="
    }
  }
}
